
Microsoft Visual Studio Solution File, Format Version 12.00
# Visual Studio Version 16
VisualStudioVersion = 16.0.29102.190
MinimumVisualStudioVersion = 10.0.40219.1
Project("{FAE04EC0-301F-11D3-BF4B-00C04F79EFBC}") = "LGS", "LGS.csproj", "{7C366C7D-6D80-4430-B171-BE1295F70381}"
EndProject
Project("{FAE04EC0-301F-11D3-BF4B-00C04F79EFBC}") = "LGS.Models", "..\LGS.Models\LGS.Models.csproj", "{98BC6315-5B78-44C0-BFF8-1068A9283EF7}"
EndProject
Project("{FAE04EC0-301F-11D3-BF4B-00C04F79EFBC}") = "LGS.Data", "..\LGS.Data\LGS.Data.csproj", "{D2A79585-EFB9-4EF8-8F14-065434700904}"
EndProject
Global
	GlobalSection(SolutionConfigurationPlatforms) = preSolution
		Debug|Any CPU = Debug|Any CPU
		Release|Any CPU = Release|Any CPU
	EndGlobalSection
	GlobalSection(ProjectConfigurationPlatforms) = postSolution
		{7C366C7D-6D80-4430-B171-BE1295F70381}.Debug|Any CPU.ActiveCfg = Debug|Any CPU
		{7C366C7D-6D80-4430-B171-BE1295F70381}.Debug|Any CPU.Build.0 = Debug|Any CPU
		{7C366C7D-6D80-4430-B171-BE1295F70381}.Release|Any CPU.ActiveCfg = Release|Any CPU
		{7C366C7D-6D80-4430-B171-BE1295F70381}.Release|Any CPU.Build.0 = Release|Any CPU
		{98BC6315-5B78-44C0-BFF8-1068A9283EF7}.Debug|Any CPU.ActiveCfg = Debug|Any CPU
		{98BC6315-5B78-44C0-BFF8-1068A9283EF7}.Debug|Any CPU.Build.0 = Debug|Any CPU
		{98BC6315-5B78-44C0-BFF8-1068A9283EF7}.Release|Any CPU.ActiveCfg = Release|Any CPU
		{98BC6315-5B78-44C0-BFF8-1068A9283EF7}.Release|Any CPU.Build.0 = Release|Any CPU
		{D2A79585-EFB9-4EF8-8F14-065434700904}.Debug|Any CPU.ActiveCfg = Debug|Any CPU
		{D2A79585-EFB9-4EF8-8F14-065434700904}.Debug|Any CPU.Build.0 = Debug|Any CPU
		{D2A79585-EFB9-4EF8-8F14-065434700904}.Release|Any CPU.ActiveCfg = Release|Any CPU
		{D2A79585-EFB9-4EF8-8F14-065434700904}.Release|Any CPU.Build.0 = Release|Any CPU
	EndGlobalSection
	GlobalSection(SolutionProperties) = preSolution
		HideSolutionNode = FALSE
	EndGlobalSection
	GlobalSection(ExtensibilityGlobals) = postSolution
		SolutionGuid = {C1B945C2-FDBE-41C7-9B49-B5A1716F2EAE}
	EndGlobalSection
EndGlobal
